
Microsoft Visual Studio Solution File, Format Version 12.00
# Visual Studio 2013
VisualStudioVersion = 12.0.30110.0
MinimumVisualStudioVersion = 10.0.40219.1
Project("{FAE04EC0-301F-11D3-BF4B-00C04F79EFBC}") = "AlphabetCheckers", "AlphabetCheckers\AlphabetCheckers.csproj", "{7D33D7CD-019A-474E-9C63-C52BA2DE9B7B}"
EndProject
Project("{FAE04EC0-301F-11D3-BF4B-00C04F79EFBC}") = "AlphabetCheckers.Tests", "AlphabetCheckers.Tests\AlphabetCheckers.Tests.csproj", "{4DF6AE15-7EB9-4057-A04C-32711FBA7C7C}"
EndProject
Project("{2150E333-8FDC-42A3-9474-1A3956D46DE8}") = ".nuget", ".nuget", "{AD605D00-C43F-4EC1-9AB1-3D4D968AC271}"
	ProjectSection(SolutionItems) = preProject
		.nuget\NuGet.Config = .nuget\NuGet.Config
		.nuget\NuGet.exe = .nuget\NuGet.exe
		.nuget\NuGet.targets = .nuget\NuGet.targets
	EndProjectSection
EndProject
Global
	GlobalSection(SolutionConfigurationPlatforms) = preSolution
		Debug|Any CPU = Debug|Any CPU
		Release|Any CPU = Release|Any CPU
	EndGlobalSection
	GlobalSection(ProjectConfigurationPlatforms) = postSolution
		{7D33D7CD-019A-474E-9C63-C52BA2DE9B7B}.Debug|Any CPU.ActiveCfg = Debug|Any CPU
		{7D33D7CD-019A-474E-9C63-C52BA2DE9B7B}.Debug|Any CPU.Build.0 = Debug|Any CPU
		{7D33D7CD-019A-474E-9C63-C52BA2DE9B7B}.Release|Any CPU.ActiveCfg = Release|Any CPU
		{7D33D7CD-019A-474E-9C63-C52BA2DE9B7B}.Release|Any CPU.Build.0 = Release|Any CPU
		{4DF6AE15-7EB9-4057-A04C-32711FBA7C7C}.Debug|Any CPU.ActiveCfg = Debug|Any CPU
		{4DF6AE15-7EB9-4057-A04C-32711FBA7C7C}.Debug|Any CPU.Build.0 = Debug|Any CPU
		{4DF6AE15-7EB9-4057-A04C-32711FBA7C7C}.Release|Any CPU.ActiveCfg = Release|Any CPU
		{4DF6AE15-7EB9-4057-A04C-32711FBA7C7C}.Release|Any CPU.Build.0 = Release|Any CPU
	EndGlobalSection
	GlobalSection(SolutionProperties) = preSolution
		HideSolutionNode = FALSE
	EndGlobalSection
EndGlobal
