
Microsoft Visual Studio Solution File, Format Version 11.00
# Visual Studio 2010
Project("{FAE04EC0-301F-11D3-BF4B-00C04F79EFBC}") = "BuildingsIterator", "BuildingsIterator\BuildingsIterator.csproj", "{1C3A151B-5FA0-4F71-A3F8-9873A7011903}"
EndProject
Global
	GlobalSection(SolutionConfigurationPlatforms) = preSolution
		Debug|Any CPU = Debug|Any CPU
		Release|Any CPU = Release|Any CPU
	EndGlobalSection
	GlobalSection(ProjectConfigurationPlatforms) = postSolution
		{1C3A151B-5FA0-4F71-A3F8-9873A7011903}.Debug|Any CPU.ActiveCfg = Debug|Any CPU
		{1C3A151B-5FA0-4F71-A3F8-9873A7011903}.Debug|Any CPU.Build.0 = Debug|Any CPU
		{1C3A151B-5FA0-4F71-A3F8-9873A7011903}.Release|Any CPU.ActiveCfg = Release|Any CPU
		{1C3A151B-5FA0-4F71-A3F8-9873A7011903}.Release|Any CPU.Build.0 = Release|Any CPU
	EndGlobalSection
	GlobalSection(SolutionProperties) = preSolution
		HideSolutionNode = FALSE
	EndGlobalSection
EndGlobal
