
Microsoft Visual Studio Solution File, Format Version 11.00
# Visual Studio 2010
Project("{FAE04EC0-301F-11D3-BF4B-00C04F79EFBC}") = "NewClusterization", "NewClusterization\NewClusterization.csproj", "{A33E97AE-575F-4ED5-B63E-32D8CF200E20}"
EndProject
Project("{FAE04EC0-301F-11D3-BF4B-00C04F79EFBC}") = "TestNewClusterization", "TestNewClusterization\TestNewClusterization.csproj", "{260B03D7-580C-45F4-BBF3-2F345F8B81EA}"
EndProject
Project("{2150E333-8FDC-42A3-9474-1A3956D46DE8}") = ".nuget", ".nuget", "{ED26014C-E6C8-4C73-BA60-3A28BB871733}"
	ProjectSection(SolutionItems) = preProject
		.nuget\NuGet.Config = .nuget\NuGet.Config
		.nuget\NuGet.exe = .nuget\NuGet.exe
		.nuget\NuGet.targets = .nuget\NuGet.targets
	EndProjectSection
EndProject
Global
	GlobalSection(SolutionConfigurationPlatforms) = preSolution
		Debug|Any CPU = Debug|Any CPU
		Release|Any CPU = Release|Any CPU
	EndGlobalSection
	GlobalSection(ProjectConfigurationPlatforms) = postSolution
		{A33E97AE-575F-4ED5-B63E-32D8CF200E20}.Debug|Any CPU.ActiveCfg = Debug|Any CPU
		{A33E97AE-575F-4ED5-B63E-32D8CF200E20}.Debug|Any CPU.Build.0 = Debug|Any CPU
		{A33E97AE-575F-4ED5-B63E-32D8CF200E20}.Release|Any CPU.ActiveCfg = Release|Any CPU
		{A33E97AE-575F-4ED5-B63E-32D8CF200E20}.Release|Any CPU.Build.0 = Release|Any CPU
		{260B03D7-580C-45F4-BBF3-2F345F8B81EA}.Debug|Any CPU.ActiveCfg = Debug|Any CPU
		{260B03D7-580C-45F4-BBF3-2F345F8B81EA}.Debug|Any CPU.Build.0 = Debug|Any CPU
		{260B03D7-580C-45F4-BBF3-2F345F8B81EA}.Release|Any CPU.ActiveCfg = Release|Any CPU
		{260B03D7-580C-45F4-BBF3-2F345F8B81EA}.Release|Any CPU.Build.0 = Release|Any CPU
	EndGlobalSection
	GlobalSection(SolutionProperties) = preSolution
		HideSolutionNode = FALSE
	EndGlobalSection
EndGlobal
