
Microsoft Visual Studio Solution File, Format Version 11.00
# Visual Studio 2010
Project("{FAE04EC0-301F-11D3-BF4B-00C04F79EFBC}") = "TestChainAnalysis", "TestChainAnalysis\TestChainAnalysis.csproj", "{375017A0-630D-4A5F-BB73-F94CB897595C}"
EndProject
Project("{FAE04EC0-301F-11D3-BF4B-00C04F79EFBC}") = "ChainAnalysis", "ChainAnalysis.csproj", "{E3B8B4A4-5B6F-4D2F-8422-46A12D64D23C}"
EndProject
Project("{E24C65DC-7377-472B-9ABA-BC803B73C61A}") = "Services", "Services\", "{70378938-8E52-4DD6-B50C-D0C6492085CB}"
	ProjectSection(WebsiteProperties) = preProject
		TargetFrameworkMoniker = ".NETFramework,Version%3Dv4.0"
		ProjectReferences = "{E3B8B4A4-5B6F-4D2F-8422-46A12D64D23C}|ChainAnalises.dll;"
		Debug.AspNetCompiler.VirtualPath = "/Services"
		Debug.AspNetCompiler.PhysicalPath = "Services\"
		Debug.AspNetCompiler.TargetPath = "PrecompiledWeb\Services\"
		Debug.AspNetCompiler.Updateable = "true"
		Debug.AspNetCompiler.ForceOverwrite = "true"
		Debug.AspNetCompiler.FixedNames = "false"
		Debug.AspNetCompiler.Debug = "True"
		Release.AspNetCompiler.VirtualPath = "/Services"
		Release.AspNetCompiler.PhysicalPath = "Services\"
		Release.AspNetCompiler.TargetPath = "PrecompiledWeb\Services\"
		Release.AspNetCompiler.Updateable = "true"
		Release.AspNetCompiler.ForceOverwrite = "true"
		Release.AspNetCompiler.FixedNames = "false"
		Release.AspNetCompiler.Debug = "False"
		VWDPort = "1948"
	EndProjectSection
EndProject
Global
	GlobalSection(SolutionConfigurationPlatforms) = preSolution
		Debug|Any CPU = Debug|Any CPU
		Release|Any CPU = Release|Any CPU
	EndGlobalSection
	GlobalSection(ProjectConfigurationPlatforms) = postSolution
		{375017A0-630D-4A5F-BB73-F94CB897595C}.Debug|Any CPU.ActiveCfg = Debug|Any CPU
		{375017A0-630D-4A5F-BB73-F94CB897595C}.Debug|Any CPU.Build.0 = Debug|Any CPU
		{375017A0-630D-4A5F-BB73-F94CB897595C}.Release|Any CPU.ActiveCfg = Release|Any CPU
		{375017A0-630D-4A5F-BB73-F94CB897595C}.Release|Any CPU.Build.0 = Release|Any CPU
		{E3B8B4A4-5B6F-4D2F-8422-46A12D64D23C}.Debug|Any CPU.ActiveCfg = Debug|Any CPU
		{E3B8B4A4-5B6F-4D2F-8422-46A12D64D23C}.Debug|Any CPU.Build.0 = Debug|Any CPU
		{E3B8B4A4-5B6F-4D2F-8422-46A12D64D23C}.Release|Any CPU.ActiveCfg = Release|Any CPU
		{E3B8B4A4-5B6F-4D2F-8422-46A12D64D23C}.Release|Any CPU.Build.0 = Release|Any CPU
		{70378938-8E52-4DD6-B50C-D0C6492085CB}.Debug|Any CPU.ActiveCfg = Debug|Any CPU
		{70378938-8E52-4DD6-B50C-D0C6492085CB}.Debug|Any CPU.Build.0 = Debug|Any CPU
		{70378938-8E52-4DD6-B50C-D0C6492085CB}.Release|Any CPU.ActiveCfg = Debug|Any CPU
		{70378938-8E52-4DD6-B50C-D0C6492085CB}.Release|Any CPU.Build.0 = Debug|Any CPU
	EndGlobalSection
	GlobalSection(SolutionProperties) = preSolution
		HideSolutionNode = FALSE
	EndGlobalSection
EndGlobal
